
Microsoft Visual Studio Solution File, Format Version 12.00
# Visual Studio Version 17
VisualStudioVersion = 17.1.32407.343
MinimumVisualStudioVersion = 10.0.40219.1
Project("{FAE04EC0-301F-11D3-BF4B-00C04F79EFBC}") = "LetsMeetAddin", "LetsMeetAddin\LetsMeetAddin.csproj", "{B9372C3B-FC18-4CE5-B95F-F7391D67BE00}"
EndProject
Global
	GlobalSection(SolutionConfigurationPlatforms) = preSolution
		Debug|Any CPU = Debug|Any CPU
		Release|Any CPU = Release|Any CPU
	EndGlobalSection
	GlobalSection(ProjectConfigurationPlatforms) = postSolution
		{B9372C3B-FC18-4CE5-B95F-F7391D67BE00}.Debug|Any CPU.ActiveCfg = Debug|Any CPU
		{B9372C3B-FC18-4CE5-B95F-F7391D67BE00}.Debug|Any CPU.Build.0 = Debug|Any CPU
		{B9372C3B-FC18-4CE5-B95F-F7391D67BE00}.Release|Any CPU.ActiveCfg = Release|Any CPU
		{B9372C3B-FC18-4CE5-B95F-F7391D67BE00}.Release|Any CPU.Build.0 = Release|Any CPU
	EndGlobalSection
	GlobalSection(SolutionProperties) = preSolution
		HideSolutionNode = FALSE
	EndGlobalSection
	GlobalSection(ExtensibilityGlobals) = postSolution
		SolutionGuid = {37588076-ED69-4A5C-9126-9FB2C20D4ACC}
	EndGlobalSection
EndGlobal
